<?xml version="1.0" encoding="utf-8"?>
<Project ToolsVersion="4.0" xmlns="http://schemas.microsoft.com/developer/msbuild/2003">
  <ItemGroup>
    <Filter Include="Source Files">
      <UniqueIdentifier>{4FC737F1-C7A5-4376-A066-2A32D752A2FF}</UniqueIdentifier>
      <Extensions>cpp;c;cc;cxx;c++;cppm;ixx;def;odl;idl;hpj;bat;asm;asmx</Extensions>
    </Filter>
    <Filter Include="Header Files">
      <UniqueIdentifier>{93995380-89BD-4b04-88EB-625FBE52EBFB}</UniqueIdentifier>
      <Extensions>h;hh;hpp;hxx;h++;hm;inl;inc;ipp;xsd</Extensions>
    </Filter>
    <Filter Include="Resource Files">
      <UniqueIdentifier>{67DA6AB6-F800-4c08-8B7A-83BB121AAD01}</UniqueIdentifier>
      <Extensions>rc;ico;cur;bmp;dlg;rc2;rct;bin;rgs;gif;jpg;jpeg;jpe;resx;tiff;tif;png;wav;mfcribbon-ms</Extensions>
    </Filter>
  </ItemGroup>
  <ItemGroup>
    <ClCompile Include="source\entry.cxx">
      <Filter>Source Files</Filter>
    </ClCompile>
    <ClCompile Include="ext\fw\ztils\pattern_scan\pattern_scan.cxx">
      <Filter>Source Files</Filter>
    </ClCompile>
    <ClCompile Include="ext\fw\ztils\serial\serial.cxx">
      <Filter>Source Files</Filter>
    </ClCompile>
    <ClCompile Include="ext\fw\ztils\pe_util\pe_util.cxx">
      <Filter>Source Files</Filter>
    </ClCompile>
    <ClCompile Include="ext\fw\ztils\detour_hook\detour_hook.cxx">
      <Filter>Source Files</Filter>
    </ClCompile>
  </ItemGroup>
  <ItemGroup>
    <ClInclude Include="ext\fw\context.h">
      <Filter>Header Files</Filter>
    </ClInclude>
    <ClInclude Include="ext\fw\efi\abi.h">
      <Filter>Header Files</Filter>
    </ClInclude>
    <ClInclude Include="ext\fw\efi\guid.h">
      <Filter>Header Files</Filter>
    </ClInclude>
    <ClInclude Include="ext\fw\efi\protocol\device_path.h">
      <Filter>Header Files</Filter>
    </ClInclude>
    <ClInclude Include="ext\fw\efi\protocol\io\graphics_output.h">
      <Filter>Header Files</Filter>
    </ClInclude>
    <ClInclude Include="ext\fw\efi\protocol\loaded_image.h">
      <Filter>Header Files</Filter>
    </ClInclude>
    <ClInclude Include="ext\fw\efi\protocol\file_system.h">
      <Filter>Header Files</Filter>
    </ClInclude>
    <ClInclude Include="ext\fw\efi\protocol\io\simple_text_input.h">
      <Filter>Header Files</Filter>
    </ClInclude>
    <ClInclude Include="ext\fw\efi\protocol\io\simple_text_output.h">
      <Filter>Header Files</Filter>
    </ClInclude>
    <ClInclude Include="ext\fw\efi\service\boot_services.h">
      <Filter>Header Files</Filter>
    </ClInclude>
    <ClInclude Include="ext\fw\efi\service\runtime_services.h">
      <Filter>Header Files</Filter>
    </ClInclude>
    <ClInclude Include="ext\fw\efi\service\system_table.h">
      <Filter>Header Files</Filter>
    </ClInclude>
    <ClInclude Include="ext\fw\efi\status.h">
      <Filter>Header Files</Filter>
    </ClInclude>
    <ClInclude Include="ext\fw\fw.h">
      <Filter>Header Files</Filter>
    </ClInclude>
    <ClInclude Include="ext\fw\core\crt\string.h">
      <Filter>Header Files</Filter>
    </ClInclude>
    <ClInclude Include="ext\fw\core\crt\new.h">
      <Filter>Header Files</Filter>
    </ClInclude>
    <ClInclude Include="ext\fw\core\crt\memory\memory.h">
      <Filter>Header Files</Filter>
    </ClInclude>
    <ClInclude Include="ext\fw\core\stl\meta\type_traits.h">
      <Filter>Header Files</Filter>
    </ClInclude>
    <ClInclude Include="ext\fw\core\stl\string\string_view.h">
      <Filter>Header Files</Filter>
    </ClInclude>
    <ClInclude Include="ext\fw\core\stl\types\optional.h">
      <Filter>Header Files</Filter>
    </ClInclude>
    <ClInclude Include="ext\fw\core\stl\types\span.h">
      <Filter>Header Files</Filter>
    </ClInclude>
    <ClInclude Include="ext\fw\core\stl\utility\utility.h">
      <Filter>Header Files</Filter>
    </ClInclude>
    <ClInclude Include="ext\fw\core\crt.h">
      <Filter>Header Files</Filter>
    </ClInclude>
    <ClInclude Include="ext\fw\core\stl.h">
      <Filter>Header Files</Filter>
    </ClInclude>
    <ClInclude Include="ext\fw\ztils\pattern_scan\pattern_scan.h">
      <Filter>Header Files</Filter>
    </ClInclude>
    <ClInclude Include="ext\fw\ztils\serial\serial.h">
      <Filter>Header Files</Filter>
    </ClInclude>
    <ClInclude Include="ext\fw\ztils\pe_util\pe_util.h">
      <Filter>Header Files</Filter>
    </ClInclude>
    <ClInclude Include="ext\fw\core\arch.h">
      <Filter>Header Files</Filter>
    </ClInclude>
    <ClInclude Include="ext\fw\ztils\detour_hook\detour_hook.h">
      <Filter>Header Files</Filter>
    </ClInclude>
  </ItemGroup>
  <ItemGroup>
    <MASM Include="ext\fw\core\crt\memory\memory.asm">
      <Filter>Source Files</Filter>
    </MASM>
  </ItemGroup>
</Project>